
Microsoft Visual Studio Solution File, Format Version 12.00
# Visual Studio Version 18
VisualStudioVersion = 18.3.11527.330 d18.3
MinimumVisualStudioVersion = 10.0.40219.1
Project("{FAE04EC0-301F-11D3-BF4B-00C04F79EFBC}") = "CloverleafThrows", "CloverleafThrows.csproj", "{C6C02F92-6FDC-2560-2823-61505601A7E3}"
EndProject
Global
	GlobalSection(SolutionConfigurationPlatforms) = preSolution
		Debug|Any CPU = Debug|Any CPU
		Release|Any CPU = Release|Any CPU
	EndGlobalSection
	GlobalSection(ProjectConfigurationPlatforms) = postSolution
		{C6C02F92-6FDC-2560-2823-61505601A7E3}.Debug|Any CPU.ActiveCfg = Debug|Any CPU
		{C6C02F92-6FDC-2560-2823-61505601A7E3}.Debug|Any CPU.Build.0 = Debug|Any CPU
		{C6C02F92-6FDC-2560-2823-61505601A7E3}.Release|Any CPU.ActiveCfg = Release|Any CPU
		{C6C02F92-6FDC-2560-2823-61505601A7E3}.Release|Any CPU.Build.0 = Release|Any CPU
	EndGlobalSection
	GlobalSection(SolutionProperties) = preSolution
		HideSolutionNode = FALSE
	EndGlobalSection
	GlobalSection(ExtensibilityGlobals) = postSolution
		SolutionGuid = {7C27F82D-2117-4CF1-8A5C-4B898229AE2A}
	EndGlobalSection
EndGlobal
